// !$*UTF8*$!
{
	archiveVersion = 1;
	classes = {
	};
	objectVersion = 46;
	objects = {

/* Begin PBXBuildFile section */
		C32BFAE81C33E9440033D82C /* UpdateParser.m in Sources */ = {isa = PBXBuildFile; fileRef = C32BFAE71C33E9440033D82C /* UpdateParser.m */; };
		C32BFAEB1C33F3330033D82C /* Update.m in Sources */ = {isa = PBXBuildFile; fileRef = C32BFAEA1C33F3330033D82C /* Update.m */; };
		C367B8E61BDCDF9F00CE442C /* main.m in Sources */ = {isa = PBXBuildFile; fileRef = C367B8E51BDCDF9F00CE442C /* main.m */; };
		C367B8E91BDCDF9F00CE442C /* AppDelegate.m in Sources */ = {isa = PBXBuildFile; fileRef = C367B8E81BDCDF9F00CE442C /* AppDelegate.m */; };
		C367B8EC1BDCDF9F00CE442C /* QuestionAnswerViewController.m in Sources */ = {isa = PBXBuildFile; fileRef = C367B8EB1BDCDF9F00CE442C /* QuestionAnswerViewController.m */; };
		C367B8EF1BDCDF9F00CE442C /* Main.storyboard in Resources */ = {isa = PBXBuildFile; fileRef = C367B8ED1BDCDF9F00CE442C /* Main.storyboard */; };
		C367B8F11BDCDF9F00CE442C /* Assets.xcassets in Resources */ = {isa = PBXBuildFile; fileRef = C367B8F01BDCDF9F00CE442C /* Assets.xcassets */; };
		C367B8F41BDCDF9F00CE442C /* LaunchScreen.storyboard in Resources */ = {isa = PBXBuildFile; fileRef = C367B8F21BDCDF9F00CE442C /* LaunchScreen.storyboard */; };
		C367B8FD1BDCE29A00CE442C /* QuestionModel.m in Sources */ = {isa = PBXBuildFile; fileRef = C367B8FC1BDCE29A00CE442C /* QuestionModel.m */; };
		C367B9001BDCF0D200CE442C /* QuestionController.m in Sources */ = {isa = PBXBuildFile; fileRef = C367B8FF1BDCF0D200CE442C /* QuestionController.m */; };
		C367B9061BDCF94000CE442C /* wrong.wav in Resources */ = {isa = PBXBuildFile; fileRef = C367B9041BDCF94000CE442C /* wrong.wav */; };
		C367B9071BDCF94000CE442C /* correct.wav in Resources */ = {isa = PBXBuildFile; fileRef = C367B9051BDCF94000CE442C /* correct.wav */; };
		C367B90A1BDD036E00CE442C /* UpdateManager.m in Sources */ = {isa = PBXBuildFile; fileRef = C367B9091BDD036E00CE442C /* UpdateManager.m */; };
		C367B90D1BDD040600CE442C /* ServerComms.m in Sources */ = {isa = PBXBuildFile; fileRef = C367B90C1BDD040600CE442C /* ServerComms.m */; };
		C3D48FE31C2AEABB004C39CF /* ServerResponse.m in Sources */ = {isa = PBXBuildFile; fileRef = C3D48FE21C2AEABB004C39CF /* ServerResponse.m */; };
		C3D48FF51C2AFD7F004C39CF /* BaseRealmObj.m in Sources */ = {isa = PBXBuildFile; fileRef = C3D48FF41C2AFD7F004C39CF /* BaseRealmObj.m */; };
		C3D48FF81C2B031A004C39CF /* UpdateQueue.m in Sources */ = {isa = PBXBuildFile; fileRef = C3D48FF71C2B031A004C39CF /* UpdateQueue.m */; };
		C3D48FFB1C2B0837004C39CF /* UpdateUrlBuilder.m in Sources */ = {isa = PBXBuildFile; fileRef = C3D48FFA1C2B0837004C39CF /* UpdateUrlBuilder.m */; };
		C3D490051C2B0D3D004C39CF /* ServerConstants.m in Sources */ = {isa = PBXBuildFile; fileRef = C3D490041C2B0D3D004C39CF /* ServerConstants.m */; };
		FA42C9180930297D3983CA6F /* libPods.a in Frameworks */ = {isa = PBXBuildFile; fileRef = 1EAF2FFAA79C992C0D1B8718 /* libPods.a */; };
/* End PBXBuildFile section */

/* Begin PBXFileReference section */
		1EAF2FFAA79C992C0D1B8718 /* libPods.a */ = {isa = PBXFileReference; explicitFileType = archive.ar; includeInIndex = 0; path = libPods.a; sourceTree = BUILT_PRODUCTS_DIR; };
		2196534CEF3DA3E7A1A1A762 /* Pods.debug.xcconfig */ = {isa = PBXFileReference; includeInIndex = 1; lastKnownFileType = text.xcconfig; name = Pods.debug.xcconfig; path = "Pods/Target Support Files/Pods/Pods.debug.xcconfig"; sourceTree = "<group>"; };
		A2C629A2BE74BC352C053291 /* Pods.release.xcconfig */ = {isa = PBXFileReference; includeInIndex = 1; lastKnownFileType = text.xcconfig; name = Pods.release.xcconfig; path = "Pods/Target Support Files/Pods/Pods.release.xcconfig"; sourceTree = "<group>"; };
		C32BFAE61C33E9440033D82C /* UpdateParser.h */ = {isa = PBXFileReference; fileEncoding = 4; lastKnownFileType = sourcecode.c.h; path = UpdateParser.h; sourceTree = "<group>"; };
		C32BFAE71C33E9440033D82C /* UpdateParser.m */ = {isa = PBXFileReference; fileEncoding = 4; lastKnownFileType = sourcecode.c.objc; path = UpdateParser.m; sourceTree = "<group>"; };
		C32BFAE91C33F3330033D82C /* Update.h */ = {isa = PBXFileReference; fileEncoding = 4; lastKnownFileType = sourcecode.c.h; path = Update.h; sourceTree = "<group>"; };
		C32BFAEA1C33F3330033D82C /* Update.m */ = {isa = PBXFileReference; fileEncoding = 4; lastKnownFileType = sourcecode.c.objc; path = Update.m; sourceTree = "<group>"; };
		C367B8E11BDCDF9F00CE442C /* MusicTechQuiz.app */ = {isa = PBXFileReference; explicitFileType = wrapper.application; includeInIndex = 0; path = MusicTechQuiz.app; sourceTree = BUILT_PRODUCTS_DIR; };
		C367B8E51BDCDF9F00CE442C /* main.m */ = {isa = PBXFileReference; lastKnownFileType = sourcecode.c.objc; path = main.m; sourceTree = "<group>"; };
		C367B8E71BDCDF9F00CE442C /* AppDelegate.h */ = {isa = PBXFileReference; lastKnownFileType = sourcecode.c.h; path = AppDelegate.h; sourceTree = "<group>"; };
		C367B8E81BDCDF9F00CE442C /* AppDelegate.m */ = {isa = PBXFileReference; lastKnownFileType = sourcecode.c.objc; path = AppDelegate.m; sourceTree = "<group>"; };
		C367B8EA1BDCDF9F00CE442C /* QuestionAnswerViewController.h */ = {isa = PBXFileReference; lastKnownFileType = sourcecode.c.h; path = QuestionAnswerViewController.h; sourceTree = "<group>"; };
		C367B8EB1BDCDF9F00CE442C /* QuestionAnswerViewController.m */ = {isa = PBXFileReference; lastKnownFileType = sourcecode.c.objc; path = QuestionAnswerViewController.m; sourceTree = "<group>"; };
		C367B8EE1BDCDF9F00CE442C /* Base */ = {isa = PBXFileReference; lastKnownFileType = file.storyboard; name = Base; path = Base.lproj/Main.storyboard; sourceTree = "<group>"; };
		C367B8F01BDCDF9F00CE442C /* Assets.xcassets */ = {isa = PBXFileReference; lastKnownFileType = folder.assetcatalog; path = Assets.xcassets; sourceTree = "<group>"; };
		C367B8F31BDCDF9F00CE442C /* Base */ = {isa = PBXFileReference; lastKnownFileType = file.storyboard; name = Base; path = Base.lproj/LaunchScreen.storyboard; sourceTree = "<group>"; };
		C367B8F51BDCDF9F00CE442C /* Info.plist */ = {isa = PBXFileReference; lastKnownFileType = text.plist.xml; path = Info.plist; sourceTree = "<group>"; };
		C367B8FB1BDCE29A00CE442C /* QuestionModel.h */ = {isa = PBXFileReference; fileEncoding = 4; lastKnownFileType = sourcecode.c.h; path = QuestionModel.h; sourceTree = "<group>"; };
		C367B8FC1BDCE29A00CE442C /* QuestionModel.m */ = {isa = PBXFileReference; fileEncoding = 4; lastKnownFileType = sourcecode.c.objc; path = QuestionModel.m; sourceTree = "<group>"; };
		C367B8FE1BDCF0D200CE442C /* QuestionController.h */ = {isa = PBXFileReference; fileEncoding = 4; lastKnownFileType = sourcecode.c.h; path = QuestionController.h; sourceTree = "<group>"; };
		C367B8FF1BDCF0D200CE442C /* QuestionController.m */ = {isa = PBXFileReference; fileEncoding = 4; lastKnownFileType = sourcecode.c.objc; path = QuestionController.m; sourceTree = "<group>"; };
		C367B9041BDCF94000CE442C /* wrong.wav */ = {isa = PBXFileReference; lastKnownFileType = audio.wav; path = wrong.wav; sourceTree = "<group>"; };
		C367B9051BDCF94000CE442C /* correct.wav */ = {isa = PBXFileReference; lastKnownFileType = audio.wav; path = correct.wav; sourceTree = "<group>"; };
		C367B9081BDD036E00CE442C /* UpdateManager.h */ = {isa = PBXFileReference; fileEncoding = 4; lastKnownFileType = sourcecode.c.h; path = UpdateManager.h; sourceTree = "<group>"; };
		C367B9091BDD036E00CE442C /* UpdateManager.m */ = {isa = PBXFileReference; fileEncoding = 4; lastKnownFileType = sourcecode.c.objc; path = UpdateManager.m; sourceTree = "<group>"; };
		C367B90B1BDD040600CE442C /* ServerComms.h */ = {isa = PBXFileReference; fileEncoding = 4; lastKnownFileType = sourcecode.c.h; path = ServerComms.h; sourceTree = "<group>"; };
		C367B90C1BDD040600CE442C /* ServerComms.m */ = {isa = PBXFileReference; fileEncoding = 4; lastKnownFileType = sourcecode.c.objc; path = ServerComms.m; sourceTree = "<group>"; };
		C3D48FE11C2AEABB004C39CF /* ServerResponse.h */ = {isa = PBXFileReference; fileEncoding = 4; lastKnownFileType = sourcecode.c.h; path = ServerResponse.h; sourceTree = "<group>"; };
		C3D48FE21C2AEABB004C39CF /* ServerResponse.m */ = {isa = PBXFileReference; fileEncoding = 4; lastKnownFileType = sourcecode.c.objc; path = ServerResponse.m; sourceTree = "<group>"; };
		C3D48FF31C2AFD7F004C39CF /* BaseRealmObj.h */ = {isa = PBXFileReference; fileEncoding = 4; lastKnownFileType = sourcecode.c.h; path = BaseRealmObj.h; sourceTree = "<group>"; };
		C3D48FF41C2AFD7F004C39CF /* BaseRealmObj.m */ = {isa = PBXFileReference; fileEncoding = 4; lastKnownFileType = sourcecode.c.objc; path = BaseRealmObj.m; sourceTree = "<group>"; };
		C3D48FF61C2B031A004C39CF /* UpdateQueue.h */ = {isa = PBXFileReference; fileEncoding = 4; lastKnownFileType = sourcecode.c.h; path = UpdateQueue.h; sourceTree = "<group>"; };
		C3D48FF71C2B031A004C39CF /* UpdateQueue.m */ = {isa = PBXFileReference; fileEncoding = 4; lastKnownFileType = sourcecode.c.objc; path = UpdateQueue.m; sourceTree = "<group>"; };
		C3D48FF91C2B0837004C39CF /* UpdateUrlBuilder.h */ = {isa = PBXFileReference; fileEncoding = 4; lastKnownFileType = sourcecode.c.h; path = UpdateUrlBuilder.h; sourceTree = "<group>"; };
		C3D48FFA1C2B0837004C39CF /* UpdateUrlBuilder.m */ = {isa = PBXFileReference; fileEncoding = 4; lastKnownFileType = sourcecode.c.objc; path = UpdateUrlBuilder.m; sourceTree = "<group>"; };
		C3D490031C2B0D3D004C39CF /* ServerConstants.h */ = {isa = PBXFileReference; fileEncoding = 4; lastKnownFileType = sourcecode.c.h; path = ServerConstants.h; sourceTree = "<group>"; };
		C3D490041C2B0D3D004C39CF /* ServerConstants.m */ = {isa = PBXFileReference; fileEncoding = 4; lastKnownFileType = sourcecode.c.objc; path = ServerConstants.m; sourceTree = "<group>"; };
/* End PBXFileReference section */

/* Begin PBXFrameworksBuildPhase section */
		C367B8DE1BDCDF9F00CE442C /* Frameworks */ = {
			isa = PBXFrameworksBuildPhase;
			buildActionMask = 2147483647;
			files = (
				FA42C9180930297D3983CA6F /* libPods.a in Frameworks */,
			);
			runOnlyForDeploymentPostprocessing = 0;
		};
/* End PBXFrameworksBuildPhase section */

/* Begin PBXGroup section */
		BAA7A17D8ED84FDA00D837FA /* Frameworks */ = {
			isa = PBXGroup;
			children = (
				1EAF2FFAA79C992C0D1B8718 /* libPods.a */,
			);
			name = Frameworks;
			sourceTree = "<group>";
		};
		C367B8D81BDCDF9F00CE442C = {
			isa = PBXGroup;
			children = (
				C367B8E31BDCDF9F00CE442C /* MusicTechQuiz */,
				C367B8E21BDCDF9F00CE442C /* Products */,
				E79408F62F46A045FB742CEA /* Pods */,
				BAA7A17D8ED84FDA00D837FA /* Frameworks */,
			);
			sourceTree = "<group>";
		};
		C367B8E21BDCDF9F00CE442C /* Products */ = {
			isa = PBXGroup;
			children = (
				C367B8E11BDCDF9F00CE442C /* MusicTechQuiz.app */,
			);
			name = Products;
			sourceTree = "<group>";
		};
		C367B8E31BDCDF9F00CE442C /* MusicTechQuiz */ = {
			isa = PBXGroup;
			children = (
				C3D48FE41C2AF0E0004C39CF /* QuestionData */,
				C3D48FE01C2AEA6C004C39CF /* ServerComms */,
				C367B8E71BDCDF9F00CE442C /* AppDelegate.h */,
				C367B8E81BDCDF9F00CE442C /* AppDelegate.m */,
				C367B8EA1BDCDF9F00CE442C /* QuestionAnswerViewController.h */,
				C367B8EB1BDCDF9F00CE442C /* QuestionAnswerViewController.m */,
				C367B8ED1BDCDF9F00CE442C /* Main.storyboard */,
				C367B8F01BDCDF9F00CE442C /* Assets.xcassets */,
				C367B9041BDCF94000CE442C /* wrong.wav */,
				C367B9051BDCF94000CE442C /* correct.wav */,
				C367B8F21BDCDF9F00CE442C /* LaunchScreen.storyboard */,
				C367B8F51BDCDF9F00CE442C /* Info.plist */,
				C367B8E41BDCDF9F00CE442C /* Supporting Files */,
			);
			path = MusicTechQuiz;
			sourceTree = "<group>";
		};
		C367B8E41BDCDF9F00CE442C /* Supporting Files */ = {
			isa = PBXGroup;
			children = (
				C367B8E51BDCDF9F00CE442C /* main.m */,
			);
			name = "Supporting Files";
			sourceTree = "<group>";
		};
		C3D48FE01C2AEA6C004C39CF /* ServerComms */ = {
			isa = PBXGroup;
			children = (
				C367B90B1BDD040600CE442C /* ServerComms.h */,
				C367B90C1BDD040600CE442C /* ServerComms.m */,
				C3D48FE11C2AEABB004C39CF /* ServerResponse.h */,
				C3D48FE21C2AEABB004C39CF /* ServerResponse.m */,
				C3D490031C2B0D3D004C39CF /* ServerConstants.h */,
				C3D490041C2B0D3D004C39CF /* ServerConstants.m */,
			);
			name = ServerComms;
			sourceTree = "<group>";
		};
		C3D48FE41C2AF0E0004C39CF /* QuestionData */ = {
			isa = PBXGroup;
			children = (
				C3D48FEC1C2AF8F7004C39CF /* Models */,
				C3D48FE51C2AF51A004C39CF /* Updates */,
				C367B8FB1BDCE29A00CE442C /* QuestionModel.h */,
				C367B8FC1BDCE29A00CE442C /* QuestionModel.m */,
				C367B8FE1BDCF0D200CE442C /* QuestionController.h */,
				C367B8FF1BDCF0D200CE442C /* QuestionController.m */,
			);
			name = QuestionData;
			sourceTree = "<group>";
		};
		C3D48FE51C2AF51A004C39CF /* Updates */ = {
			isa = PBXGroup;
			children = (
				C367B9081BDD036E00CE442C /* UpdateManager.h */,
				C367B9091BDD036E00CE442C /* UpdateManager.m */,
				C3D48FF61C2B031A004C39CF /* UpdateQueue.h */,
				C3D48FF71C2B031A004C39CF /* UpdateQueue.m */,
				C3D48FF91C2B0837004C39CF /* UpdateUrlBuilder.h */,
				C3D48FFA1C2B0837004C39CF /* UpdateUrlBuilder.m */,
				C32BFAE61C33E9440033D82C /* UpdateParser.h */,
				C32BFAE71C33E9440033D82C /* UpdateParser.m */,
			);
			name = Updates;
			sourceTree = "<group>";
		};
		C3D48FEC1C2AF8F7004C39CF /* Models */ = {
			isa = PBXGroup;
			children = (
				C3D48FF31C2AFD7F004C39CF /* BaseRealmObj.h */,
				C3D48FF41C2AFD7F004C39CF /* BaseRealmObj.m */,
				C32BFAE91C33F3330033D82C /* Update.h */,
				C32BFAEA1C33F3330033D82C /* Update.m */,
			);
			name = Models;
			sourceTree = "<group>";
		};
		E79408F62F46A045FB742CEA /* Pods */ = {
			isa = PBXGroup;
			children = (
				2196534CEF3DA3E7A1A1A762 /* Pods.debug.xcconfig */,
				A2C629A2BE74BC352C053291 /* Pods.release.xcconfig */,
			);
			name = Pods;
			sourceTree = "<group>";
		};
/* End PBXGroup section */

/* Begin PBXNativeTarget section */
		C367B8E01BDCDF9F00CE442C /* MusicTechQuiz */ = {
			isa = PBXNativeTarget;
			buildConfigurationList = C367B8F81BDCDF9F00CE442C /* Build configuration list for PBXNativeTarget "MusicTechQuiz" */;
			buildPhases = (
				35877C5597D94EC04EA14081 /* Check Pods Manifest.lock */,
				C367B8DD1BDCDF9F00CE442C /* Sources */,
				C367B8DE1BDCDF9F00CE442C /* Frameworks */,
				C367B8DF1BDCDF9F00CE442C /* Resources */,
				9AB1E140F548B99F03665225 /* Embed Pods Frameworks */,
				D4AC445DEE021964A65946D0 /* Copy Pods Resources */,
			);
			buildRules = (
			);
			dependencies = (
			);
			name = MusicTechQuiz;
			productName = MusicTechQuiz;
			productReference = C367B8E11BDCDF9F00CE442C /* MusicTechQuiz.app */;
			productType = "com.apple.product-type.application";
		};
/* End PBXNativeTarget section */

/* Begin PBXProject section */
		C367B8D91BDCDF9F00CE442C /* Project object */ = {
			isa = PBXProject;
			attributes = {
				LastUpgradeCheck = 0710;
				ORGANIZATIONNAME = "Carl Taylor";
				TargetAttributes = {
					C367B8E01BDCDF9F00CE442C = {
						CreatedOnToolsVersion = 7.1;
					};
				};
			};
			buildConfigurationList = C367B8DC1BDCDF9F00CE442C /* Build configuration list for PBXProject "MusicTechQuiz" */;
			compatibilityVersion = "Xcode 3.2";
			developmentRegion = English;
			hasScannedForEncodings = 0;
			knownRegions = (
				en,
				Base,
			);
			mainGroup = C367B8D81BDCDF9F00CE442C;
			productRefGroup = C367B8E21BDCDF9F00CE442C /* Products */;
			projectDirPath = "";
			projectRoot = "";
			targets = (
				C367B8E01BDCDF9F00CE442C /* MusicTechQuiz */,
			);
		};
/* End PBXProject section */

/* Begin PBXResourcesBuildPhase section */
		C367B8DF1BDCDF9F00CE442C /* Resources */ = {
			isa = PBXResourcesBuildPhase;
			buildActionMask = 2147483647;
			files = (
				C367B8F41BDCDF9F00CE442C /* LaunchScreen.storyboard in Resources */,
				C367B8F11BDCDF9F00CE442C /* Assets.xcassets in Resources */,
				C367B9061BDCF94000CE442C /* wrong.wav in Resources */,
				C367B9071BDCF94000CE442C /* correct.wav in Resources */,
				C367B8EF1BDCDF9F00CE442C /* Main.storyboard in Resources */,
			);
			runOnlyForDeploymentPostprocessing = 0;
		};
/* End PBXResourcesBuildPhase section */

/* Begin PBXShellScriptBuildPhase section */
		35877C5597D94EC04EA14081 /* Check Pods Manifest.lock */ = {
			isa = PBXShellScriptBuildPhase;
			buildActionMask = 2147483647;
			files = (
			);
			inputPaths = (
			);
			name = "Check Pods Manifest.lock";
			outputPaths = (
			);
			runOnlyForDeploymentPostprocessing = 0;
			shellPath = /bin/sh;
			shellScript = "diff \"${PODS_ROOT}/../Podfile.lock\" \"${PODS_ROOT}/Manifest.lock\" > /dev/null\nif [[ $? != 0 ]] ; then\n    cat << EOM\nerror: The sandbox is not in sync with the Podfile.lock. Run 'pod install' or update your CocoaPods installation.\nEOM\n    exit 1\nfi\n";
			showEnvVarsInLog = 0;
		};
		9AB1E140F548B99F03665225 /* Embed Pods Frameworks */ = {
			isa = PBXShellScriptBuildPhase;
			buildActionMask = 2147483647;
			files = (
			);
			inputPaths = (
			);
			name = "Embed Pods Frameworks";
			outputPaths = (
			);
			runOnlyForDeploymentPostprocessing = 0;
			shellPath = /bin/sh;
			shellScript = "\"${SRCROOT}/Pods/Target Support Files/Pods/Pods-frameworks.sh\"\n";
			showEnvVarsInLog = 0;
		};
		D4AC445DEE021964A65946D0 /* Copy Pods Resources */ = {
			isa = PBXShellScriptBuildPhase;
			buildActionMask = 2147483647;
			files = (
			);
			inputPaths = (
			);
			name = "Copy Pods Resources";
			outputPaths = (
			);
			runOnlyForDeploymentPostprocessing = 0;
			shellPath = /bin/sh;
			shellScript = "\"${SRCROOT}/Pods/Target Support Files/Pods/Pods-resources.sh\"\n";
			showEnvVarsInLog = 0;
		};
/* End PBXShellScriptBuildPhase section */

/* Begin PBXSourcesBuildPhase section */
		C367B8DD1BDCDF9F00CE442C /* Sources */ = {
			isa = PBXSourcesBuildPhase;
			buildActionMask = 2147483647;
			files = (
				C32BFAEB1C33F3330033D82C /* Update.m in Sources */,
				C3D490051C2B0D3D004C39CF /* ServerConstants.m in Sources */,
				C367B8EC1BDCDF9F00CE442C /* QuestionAnswerViewController.m in Sources */,
				C3D48FFB1C2B0837004C39CF /* UpdateUrlBuilder.m in Sources */,
				C3D48FE31C2AEABB004C39CF /* ServerResponse.m in Sources */,
				C367B9001BDCF0D200CE442C /* QuestionController.m in Sources */,
				C32BFAE81C33E9440033D82C /* UpdateParser.m in Sources */,
				C367B8FD1BDCE29A00CE442C /* QuestionModel.m in Sources */,
				C3D48FF81C2B031A004C39CF /* UpdateQueue.m in Sources */,
				C367B8E91BDCDF9F00CE442C /* AppDelegate.m in Sources */,
				C3D48FF51C2AFD7F004C39CF /* BaseRealmObj.m in Sources */,
				C367B90D1BDD040600CE442C /* ServerComms.m in Sources */,
				C367B90A1BDD036E00CE442C /* UpdateManager.m in Sources */,
				C367B8E61BDCDF9F00CE442C /* main.m in Sources */,
			);
			runOnlyForDeploymentPostprocessing = 0;
		};
/* End PBXSourcesBuildPhase section */

/* Begin PBXVariantGroup section */
		C367B8ED1BDCDF9F00CE442C /* Main.storyboard */ = {
			isa = PBXVariantGroup;
			children = (
				C367B8EE1BDCDF9F00CE442C /* Base */,
			);
			name = Main.storyboard;
			sourceTree = "<group>";
		};
		C367B8F21BDCDF9F00CE442C /* LaunchScreen.storyboard */ = {
			isa = PBXVariantGroup;
			children = (
				C367B8F31BDCDF9F00CE442C /* Base */,
			);
			name = LaunchScreen.storyboard;
			sourceTree = "<group>";
		};
/* End PBXVariantGroup section */

/* Begin XCBuildConfiguration section */
		C367B8F61BDCDF9F00CE442C /* Debug */ = {
			isa = XCBuildConfiguration;
			buildSettings = {
				ALWAYS_SEARCH_USER_PATHS = NO;
				CLANG_CXX_LANGUAGE_STANDARD = "gnu++0x";
				CLANG_CXX_LIBRARY = "libc++";
				CLANG_ENABLE_MODULES = YES;
				CLANG_ENABLE_OBJC_ARC = YES;
				CLANG_WARN_BOOL_CONVERSION = YES;
				CLANG_WARN_CONSTANT_CONVERSION = YES;
				CLANG_WARN_DIRECT_OBJC_ISA_USAGE = YES_ERROR;
				CLANG_WARN_EMPTY_BODY = YES;
				CLANG_WARN_ENUM_CONVERSION = YES;
				CLANG_WARN_INT_CONVERSION = YES;
				CLANG_WARN_OBJC_ROOT_CLASS = YES_ERROR;
				CLANG_WARN_UNREACHABLE_CODE = YES;
				CLANG_WARN__DUPLICATE_METHOD_MATCH = YES;
				"CODE_SIGN_IDENTITY[sdk=iphoneos*]" = "iPhone Developer";
				COPY_PHASE_STRIP = NO;
				DEBUG_INFORMATION_FORMAT = dwarf;
				ENABLE_STRICT_OBJC_MSGSEND = YES;
				ENABLE_TESTABILITY = YES;
				GCC_C_LANGUAGE_STANDARD = gnu99;
				GCC_DYNAMIC_NO_PIC = NO;
				GCC_NO_COMMON_BLOCKS = YES;
				GCC_OPTIMIZATION_LEVEL = 0;
				GCC_PREPROCESSOR_DEFINITIONS = (
					"DEBUG=1",
					"$(inherited)",
				);
				GCC_WARN_64_TO_32_BIT_CONVERSION = YES;
				GCC_WARN_ABOUT_RETURN_TYPE = YES_ERROR;
				GCC_WARN_UNDECLARED_SELECTOR = YES;
				GCC_WARN_UNINITIALIZED_AUTOS = YES_AGGRESSIVE;
				GCC_WARN_UNUSED_FUNCTION = YES;
				GCC_WARN_UNUSED_VARIABLE = YES;
				IPHONEOS_DEPLOYMENT_TARGET = 9.1;
				MTL_ENABLE_DEBUG_INFO = YES;
				ONLY_ACTIVE_ARCH = YES;
				SDKROOT = iphoneos;
			};
			name = Debug;
		};
		C367B8F71BDCDF9F00CE442C /* Release */ = {
			isa = XCBuildConfiguration;
			buildSettings = {
				ALWAYS_SEARCH_USER_PATHS = NO;
				CLANG_CXX_LANGUAGE_STANDARD = "gnu++0x";
				CLANG_CXX_LIBRARY = "libc++";
				CLANG_ENABLE_MODULES = YES;
				CLANG_ENABLE_OBJC_ARC = YES;
				CLANG_WARN_BOOL_CONVERSION = YES;
				CLANG_WARN_CONSTANT_CONVERSION = YES;
				CLANG_WARN_DIRECT_OBJC_ISA_USAGE = YES_ERROR;
				CLANG_WARN_EMPTY_BODY = YES;
				CLANG_WARN_ENUM_CONVERSION = YES;
				CLANG_WARN_INT_CONVERSION = YES;
				CLANG_WARN_OBJC_ROOT_CLASS = YES_ERROR;
				CLANG_WARN_UNREACHABLE_CODE = YES;
				CLANG_WARN__DUPLICATE_METHOD_MATCH = YES;
				"CODE_SIGN_IDENTITY[sdk=iphoneos*]" = "iPhone Developer";
				COPY_PHASE_STRIP = NO;
				DEBUG_INFORMATION_FORMAT = "dwarf-with-dsym";
				ENABLE_NS_ASSERTIONS = NO;
				ENABLE_STRICT_OBJC_MSGSEND = YES;
				GCC_C_LANGUAGE_STANDARD = gnu99;
				GCC_NO_COMMON_BLOCKS = YES;
				GCC_WARN_64_TO_32_BIT_CONVERSION = YES;
				GCC_WARN_ABOUT_RETURN_TYPE = YES_ERROR;
				GCC_WARN_UNDECLARED_SELECTOR = YES;
				GCC_WARN_UNINITIALIZED_AUTOS = YES_AGGRESSIVE;
				GCC_WARN_UNUSED_FUNCTION = YES;
				GCC_WARN_UNUSED_VARIABLE = YES;
				IPHONEOS_DEPLOYMENT_TARGET = 9.1;
				MTL_ENABLE_DEBUG_INFO = NO;
				SDKROOT = iphoneos;
				VALIDATE_PRODUCT = YES;
			};
			name = Release;
		};
		C367B8F91BDCDF9F00CE442C /* Debug */ = {
			isa = XCBuildConfiguration;
			baseConfigurationReference = 2196534CEF3DA3E7A1A1A762 /* Pods.debug.xcconfig */;
			buildSettings = {
				ASSETCATALOG_COMPILER_APPICON_NAME = AppIcon;
				INFOPLIST_FILE = MusicTechQuiz/Info.plist;
				IPHONEOS_DEPLOYMENT_TARGET = 9.2;
				LD_RUNPATH_SEARCH_PATHS = "$(inherited) @executable_path/Frameworks";
				ONLY_ACTIVE_ARCH = YES;
				PRODUCT_BUNDLE_IDENTIFIER = carltaylor.net.MusicTechQuiz;
				PRODUCT_NAME = "$(TARGET_NAME)";
			};
			name = Debug;
		};
		C367B8FA1BDCDF9F00CE442C /* Release */ = {
			isa = XCBuildConfiguration;
			baseConfigurationReference = A2C629A2BE74BC352C053291 /* Pods.release.xcconfig */;
			buildSettings = {
				ASSETCATALOG_COMPILER_APPICON_NAME = AppIcon;
				INFOPLIST_FILE = MusicTechQuiz/Info.plist;
				IPHONEOS_DEPLOYMENT_TARGET = 9.2;
				LD_RUNPATH_SEARCH_PATHS = "$(inherited) @executable_path/Frameworks";
				ONLY_ACTIVE_ARCH = NO;
				PRODUCT_BUNDLE_IDENTIFIER = carltaylor.net.MusicTechQuiz;
				PRODUCT_NAME = "$(TARGET_NAME)";
			};
			name = Release;
		};
/* End XCBuildConfiguration section */

/* Begin XCConfigurationList section */
		C367B8DC1BDCDF9F00CE442C /* Build configuration list for PBXProject "MusicTechQuiz" */ = {
			isa = XCConfigurationList;
			buildConfigurations = (
				C367B8F61BDCDF9F00CE442C /* Debug */,
				C367B8F71BDCDF9F00CE442C /* Release */,
			);
			defaultConfigurationIsVisible = 0;
			defaultConfigurationName = Release;
		};
		C367B8F81BDCDF9F00CE442C /* Build configuration list for PBXNativeTarget "MusicTechQuiz" */ = {
			isa = XCConfigurationList;
			buildConfigurations = (
				C367B8F91BDCDF9F00CE442C /* Debug */,
				C367B8FA1BDCDF9F00CE442C /* Release */,
			);
			defaultConfigurationIsVisible = 0;
			defaultConfigurationName = Release;
		};
/* End XCConfigurationList section */
	};
	rootObject = C367B8D91BDCDF9F00CE442C /* Project object */;
}
